{
  "projects": [
    {
      "projectId": "iUXm84svJVBsZ4AeMYaQEb",
      "version": "latest",
      "dependencies": {},
      "lang": "ts",
      "fileLocks": [
        {
          "type": "globalVariant",
          "assetId": "0L5INpOlLFvNX1",
          "checksum": "75817bc41d473cb01ffa9c33bc002502"
        },
        {
          "assetId": "iUXm84svJVBsZ4AeMYaQEb",
          "type": "projectCss",
          "checksum": "d8ea45063342885571d3613ac2e5e0ff"
        },
        {
          "type": "renderModule",
          "assetId": "pA4_1dGYioZLh",
          "checksum": "c4e1d5016ac23b6788736c406d93630b"
        },
        {
          "type": "cssRules",
          "assetId": "pA4_1dGYioZLh",
          "checksum": "c4e1d5016ac23b6788736c406d93630b"
        },
        {
          "type": "renderModule",
          "assetId": "E9c6sDTNANyOh",
          "checksum": "bd4e73f3da3295cd3737e4ad156e0ade"
        },
        {
          "type": "cssRules",
          "assetId": "E9c6sDTNANyOh",
          "checksum": "bd4e73f3da3295cd3737e4ad156e0ade"
        },
        {
          "type": "renderModule",
          "assetId": "qdTpd3bl3VTpu",
          "checksum": "667152e3346b405c2f20245e22a4d02b"
        },
        {
          "type": "cssRules",
          "assetId": "qdTpd3bl3VTpu",
          "checksum": "667152e3346b405c2f20245e22a4d02b"
        },
        {
          "type": "renderModule",
          "assetId": "Ogk4iYJnyyZDl",
          "checksum": "0710e5ed782c79f80f759d0b3e164b2c"
        },
        {
          "type": "cssRules",
          "assetId": "Ogk4iYJnyyZDl",
          "checksum": "0710e5ed782c79f80f759d0b3e164b2c"
        },
        {
          "type": "renderModule",
          "assetId": "Wtiss8r-gwmukV",
          "checksum": "5573ab5fe1653628603548689ced17ab"
        },
        {
          "type": "cssRules",
          "assetId": "Wtiss8r-gwmukV",
          "checksum": "5573ab5fe1653628603548689ced17ab"
        },
        {
          "type": "renderModule",
          "assetId": "U3x6H3MUUns7wm",
          "checksum": "9753642cd0d0f3ed9e5494fdd250d9ff"
        },
        {
          "type": "cssRules",
          "assetId": "U3x6H3MUUns7wm",
          "checksum": "9753642cd0d0f3ed9e5494fdd250d9ff"
        },
        {
          "type": "renderModule",
          "assetId": "0PIRCuckIACEhF",
          "checksum": "8bba1c3735a4d59629e7d4cca9d7c7d6"
        },
        {
          "type": "cssRules",
          "assetId": "0PIRCuckIACEhF",
          "checksum": "8bba1c3735a4d59629e7d4cca9d7c7d6"
        },
        {
          "type": "renderModule",
          "assetId": "vV35LNsi-zpB-H",
          "checksum": "a60ab09e48e5e8545cbc59ffda6101df"
        },
        {
          "type": "cssRules",
          "assetId": "vV35LNsi-zpB-H",
          "checksum": "a60ab09e48e5e8545cbc59ffda6101df"
        },
        {
          "type": "renderModule",
          "assetId": "2iWduBEiKdWRvj",
          "checksum": "c8026044aa99aadc4f5a761b92905d44"
        },
        {
          "type": "cssRules",
          "assetId": "2iWduBEiKdWRvj",
          "checksum": "c8026044aa99aadc4f5a761b92905d44"
        },
        {
          "type": "renderModule",
          "assetId": "fvZtKl6Vt4DRao",
          "checksum": "bf94d56a515ee72cb8df3c5b1b5c3280"
        },
        {
          "type": "cssRules",
          "assetId": "fvZtKl6Vt4DRao",
          "checksum": "bf94d56a515ee72cb8df3c5b1b5c3280"
        },
        {
          "type": "renderModule",
          "assetId": "3_ik9euI5DB4j9",
          "checksum": "5302ca7fb00829bcedf530f1784a09c9"
        },
        {
          "type": "cssRules",
          "assetId": "3_ik9euI5DB4j9",
          "checksum": "5302ca7fb00829bcedf530f1784a09c9"
        },
        {
          "type": "icon",
          "assetId": "cV-U2MMyMpjYMA",
          "checksum": "12a0e14586e237ec3ba4739a82b217b4"
        },
        {
          "type": "icon",
          "assetId": "WzFK0jX-q8VJNj",
          "checksum": "2039786f37b9c772ac2372833327a28d"
        },
        {
          "type": "icon",
          "assetId": "PxttGenHqVsNfm",
          "checksum": "00f386250ad034bcb2acd52b5fe00488"
        },
        {
          "type": "icon",
          "assetId": "QyvtW8LMvANV05",
          "checksum": "8212828ed8eea913d943af6856a6b940"
        },
        {
          "type": "icon",
          "assetId": "21Woa7D5mHagtt",
          "checksum": "5e1153777ac7be49a7a5318ad4c16412"
        },
        {
          "type": "icon",
          "assetId": "TQszKHwYQlz_Dj",
          "checksum": "404dd3f4164ba2a61e742edaab75da68"
        },
        {
          "type": "icon",
          "assetId": "HqM7Nh2GyfmjNx",
          "checksum": "7b7a67f9dac42883c636b84d33f8761a"
        },
        {
          "type": "icon",
          "assetId": "NIhx9Kct0pmMIm",
          "checksum": "19ee45e40ae1e267c9b1a6c85b6dbf36"
        },
        {
          "type": "icon",
          "assetId": "hWfhEnvqYqflXJ",
          "checksum": "cf71c84e71525a91f924911c85ac5d4b"
        },
        {
          "type": "image",
          "assetId": "50Wqv5rsqsCfto",
          "checksum": "711feb9e1df1efbe9852d570521261a9"
        },
        {
          "type": "image",
          "assetId": "4ypV5IGd86WxAz",
          "checksum": "95317afc38c222b2c5b73c537e411614"
        },
        {
          "type": "image",
          "assetId": "6DPmd0x-UvzVGr",
          "checksum": "92a5639d520ae9cc7a68148cba1ecee0"
        },
        {
          "type": "image",
          "assetId": "SkuaFiKoLtidob",
          "checksum": "9a400529351379c63b165924caa77794"
        },
        {
          "type": "image",
          "assetId": "i_9U0vX30F5U4V",
          "checksum": "a74791ac338dd084f2970ee6574bed9f"
        },
        {
          "type": "image",
          "assetId": "yCgs0n1AXWvC3H",
          "checksum": "795e83e89622a2f3bcb942faf58ff5dc"
        },
        {
          "type": "image",
          "assetId": "Aq8sO1KxBlRzgM",
          "checksum": "76383281ceb3811982e0a4d5f33b9c9a"
        },
        {
          "type": "image",
          "assetId": "t8tPL4gAwZv52Y",
          "checksum": "29c6f35609ee7b0fc8a7b550818eaf5b"
        },
        {
          "type": "image",
          "assetId": "pllpkOTKIU7G-L",
          "checksum": "a5f219d76ac9e85a7ea15882ab3090b7"
        },
        {
          "type": "image",
          "assetId": "KIZ03yJouTbn9C",
          "checksum": "b7669575130091b14932a19f27d21f1e"
        },
        {
          "type": "image",
          "assetId": "GIQFU1MlCfDcLz",
          "checksum": "4cb3e688ea4cf8f4601ad9d3e4801815"
        },
        {
          "type": "image",
          "assetId": "z5I2qcu95tvS93",
          "checksum": "61674ccdb6cea4ca74c0997ba4e98b59"
        },
        {
          "type": "image",
          "assetId": "514JK6gWhlO9sJ",
          "checksum": "2074bb52bce1860c368ec9c1fc76b1b7"
        },
        {
          "type": "image",
          "assetId": "PYxZM3975Dmamw",
          "checksum": "6e7abfa6ded19575e42c91863d5fb065"
        },
        {
          "type": "image",
          "assetId": "GNcxoHy8tgIV2X",
          "checksum": "0efdf57846d9a454ed393d4883bcd10e"
        },
        {
          "type": "image",
          "assetId": "TNsgU5Pt3OsnWf",
          "checksum": "45ad3005fbd76e53c55cdb7eab84a63c"
        },
        {
          "type": "image",
          "assetId": "3xyBWMPzh7pqTi",
          "checksum": "1926c15d20412227a26e32ca9111655a"
        },
        {
          "type": "image",
          "assetId": "DZ0hQzxn4S8zy1",
          "checksum": "fc7527eeea78adda25bc45efea0e08f5"
        },
        {
          "type": "image",
          "assetId": "YM8xp4c-phnZLP",
          "checksum": "80667c332fd7ed023b52615d42ef7c22"
        },
        {
          "type": "image",
          "assetId": "meEoZfUHdi2QQq",
          "checksum": "905461292291ef312e2431bf929761ff"
        },
        {
          "type": "image",
          "assetId": "7e0BHcIQbfjqqO",
          "checksum": "8dbf88355d07fdc8d2b6568284690eb2"
        },
        {
          "type": "image",
          "assetId": "yk17-S-chljHqz",
          "checksum": "f6fa38ed6de38c438c6e6503cd6edd9f"
        },
        {
          "type": "image",
          "assetId": "D0ND-Cv0-sInQO",
          "checksum": "e48412cdc1cbce1af2cd0139b6d6f07c"
        },
        {
          "type": "image",
          "assetId": "0eAIq2z1z6Xk0s",
          "checksum": "f5ac486cdfe961502436d61d36a3e4de"
        },
        {
          "type": "image",
          "assetId": "d6T0-Cxm1E_uVh",
          "checksum": "ffeb39ee866a84de9a22569fad95ee97"
        },
        {
          "type": "image",
          "assetId": "hCJFtbsZc3mW0g",
          "checksum": "61180d4c258af2591084fda932a6d6fe"
        },
        {
          "type": "image",
          "assetId": "kRHc_mK4F1Ce1S",
          "checksum": "f4f8997a3136e4484a71579d9503eee0"
        },
        {
          "type": "image",
          "assetId": "JFUdEW6QNJogIx",
          "checksum": "94a642c31d67770f0d6cda634eae7319"
        },
        {
          "type": "image",
          "assetId": "sY3VAi7h-i2TyU",
          "checksum": "110600c59d14a372e521a42a8aed1eed"
        },
        {
          "type": "image",
          "assetId": "pLFDKgJx0CUn5W",
          "checksum": "0a5da6bd9085611d70689b2991bebbbc"
        },
        {
          "type": "image",
          "assetId": "n5YFymimnmfffA",
          "checksum": "d0aeba4705cebd3e0ca106c42f4effe8"
        },
        {
          "type": "image",
          "assetId": "IeTcHLqBbusLhk",
          "checksum": "498ffa92691ae48a25351dd9ba6b51be"
        },
        {
          "type": "image",
          "assetId": "vv5pK_J3sO5gVU",
          "checksum": "514aa84513f4082626d7d941dbc81d95"
        },
        {
          "type": "image",
          "assetId": "HD6T9_xrjaMZOx",
          "checksum": "4b72c5c40ee4766e9fe018b797a39f68"
        },
        {
          "type": "image",
          "assetId": "4JSK_AI4XRIsiu",
          "checksum": "702e327a0adecffec4aaca5bcb44bfba"
        },
        {
          "type": "image",
          "assetId": "p3vjbYPwhpyws_",
          "checksum": "9f6b3d03281f9543ecc966175a0cfae4"
        },
        {
          "type": "image",
          "assetId": "v4-k744CjmypVv",
          "checksum": "4a320aaecb7b7139ce53bc74425331f9"
        }
      ],
      "codegenVersion": "0.0.1"
    }
  ],
  "cliVersion": "0.1.184"
}
